
Microsoft Visual Studio Solution File, Format Version 12.00
# Visual Studio Version 16
VisualStudioVersion = 16.0.33423.256
MinimumVisualStudioVersion = 10.0.40219.1
Project("{FAE04EC0-301F-11D3-BF4B-00C04F79EFBC}") = "CRCofBusSystem", "CRCofBusSystem\CRCofBusSystem.csproj", "{3A79F3C3-5117-4244-B9FD-699A2769042A}"
EndProject
Global
	GlobalSection(SolutionConfigurationPlatforms) = preSolution
		Debug|Any CPU = Debug|Any CPU
		Release|Any CPU = Release|Any CPU
	EndGlobalSection
	GlobalSection(ProjectConfigurationPlatforms) = postSolution
		{3A79F3C3-5117-4244-B9FD-699A2769042A}.Debug|Any CPU.ActiveCfg = Debug|Any CPU
		{3A79F3C3-5117-4244-B9FD-699A2769042A}.Debug|Any CPU.Build.0 = Debug|Any CPU
		{3A79F3C3-5117-4244-B9FD-699A2769042A}.Release|Any CPU.ActiveCfg = Release|Any CPU
		{3A79F3C3-5117-4244-B9FD-699A2769042A}.Release|Any CPU.Build.0 = Release|Any CPU
	EndGlobalSection
	GlobalSection(SolutionProperties) = preSolution
		HideSolutionNode = FALSE
	EndGlobalSection
	GlobalSection(ExtensibilityGlobals) = postSolution
		SolutionGuid = {759E6374-24F2-4925-A23E-07AF10A2645F}
	EndGlobalSection
EndGlobal
